// !$*UTF8*$!
{
	archiveVersion = 1;
	classes = {
	};
	objectVersion = 46;
	objects = {

/* Begin PBXBuildFile section */
		B7DFFF741E7DC3BC0093911F /* AppDelegate.swift in Sources */ = {isa = PBXBuildFile; fileRef = B7DFFF731E7DC3BC0093911F /* AppDelegate.swift */; };
		B7DFFF761E7DC3BC0093911F /* ViewController.swift in Sources */ = {isa = PBXBuildFile; fileRef = B7DFFF751E7DC3BC0093911F /* ViewController.swift */; };
		B7DFFF791E7DC3BC0093911F /* Main.storyboard in Resources */ = {isa = PBXBuildFile; fileRef = B7DFFF771E7DC3BC0093911F /* Main.storyboard */; };
		B7DFFF7C1E7DC3BC0093911F /* CoreDataTutorial.xcdatamodeld in Sources */ = {isa = PBXBuildFile; fileRef = B7DFFF7A1E7DC3BC0093911F /* CoreDataTutorial.xcdatamodeld */; };
		B7DFFF7E1E7DC3BC0093911F /* Assets.xcassets in Resources */ = {isa = PBXBuildFile; fileRef = B7DFFF7D1E7DC3BC0093911F /* Assets.xcassets */; };
		B7DFFF811E7DC3BC0093911F /* LaunchScreen.storyboard in Resources */ = {isa = PBXBuildFile; fileRef = B7DFFF7F1E7DC3BC0093911F /* LaunchScreen.storyboard */; };
/* End PBXBuildFile section */

/* Begin PBXFileReference section */
		B7DFFF701E7DC3BC0093911F /* CoreDataTutorial.app */ = {isa = PBXFileReference; explicitFileType = wrapper.application; includeInIndex = 0; path = CoreDataTutorial.app; sourceTree = BUILT_PRODUCTS_DIR; };
		B7DFFF731E7DC3BC0093911F /* AppDelegate.swift */ = {isa = PBXFileReference; lastKnownFileType = sourcecode.swift; path = AppDelegate.swift; sourceTree = "<group>"; };
		B7DFFF751E7DC3BC0093911F /* ViewController.swift */ = {isa = PBXFileReference; lastKnownFileType = sourcecode.swift; path = ViewController.swift; sourceTree = "<group>"; };
		B7DFFF781E7DC3BC0093911F /* Base */ = {isa = PBXFileReference; lastKnownFileType = file.storyboard; name = Base; path = Base.lproj/Main.storyboard; sourceTree = "<group>"; };
		B7DFFF7B1E7DC3BC0093911F /* CoreDataTutorial.xcdatamodel */ = {isa = PBXFileReference; lastKnownFileType = wrapper.xcdatamodel; path = CoreDataTutorial.xcdatamodel; sourceTree = "<group>"; };
		B7DFFF7D1E7DC3BC0093911F /* Assets.xcassets */ = {isa = PBXFileReference; lastKnownFileType = folder.assetcatalog; path = Assets.xcassets; sourceTree = "<group>"; };
		B7DFFF801E7DC3BC0093911F /* Base */ = {isa = PBXFileReference; lastKnownFileType = file.storyboard; name = Base; path = Base.lproj/LaunchScreen.storyboard; sourceTree = "<group>"; };
		B7DFFF821E7DC3BC0093911F /* Info.plist */ = {isa = PBXFileReference; lastKnownFileType = text.plist.xml; path = Info.plist; sourceTree = "<group>"; };
/* End PBXFileReference section */

/* Begin PBXFrameworksBuildPhase section */
		B7DFFF6D1E7DC3BC0093911F /* Frameworks */ = {
			isa = PBXFrameworksBuildPhase;
			buildActionMask = 2147483647;
			files = (
			);
			runOnlyForDeploymentPostprocessing = 0;
		};
/* End PBXFrameworksBuildPhase section */

/* Begin PBXGroup section */
		B7DFFF671E7DC3BC0093911F = {
			isa = PBXGroup;
			children = (
				B7DFFF721E7DC3BC0093911F /* CoreDataTutorial */,
				B7DFFF711E7DC3BC0093911F /* Products */,
			);
			sourceTree = "<group>";
		};
		B7DFFF711E7DC3BC0093911F /* Products */ = {
			isa = PBXGroup;
			children = (
				B7DFFF701E7DC3BC0093911F /* CoreDataTutorial.app */,
			);
			name = Products;
			sourceTree = "<group>";
		};
		B7DFFF721E7DC3BC0093911F /* CoreDataTutorial */ = {
			isa = PBXGroup;
			children = (
				B7DFFF731E7DC3BC0093911F /* AppDelegate.swift */,
				B7DFFF751E7DC3BC0093911F /* ViewController.swift */,
				B7DFFF771E7DC3BC0093911F /* Main.storyboard */,
				B7DFFF7D1E7DC3BC0093911F /* Assets.xcassets */,
				B7DFFF7F1E7DC3BC0093911F /* LaunchScreen.storyboard */,
				B7DFFF821E7DC3BC0093911F /* Info.plist */,
				B7DFFF7A1E7DC3BC0093911F /* CoreDataTutorial.xcdatamodeld */,
			);
			path = CoreDataTutorial;
			sourceTree = "<group>";
		};
/* End PBXGroup section */

/* Begin PBXNativeTarget section */
		B7DFFF6F1E7DC3BC0093911F /* CoreDataTutorial */ = {
			isa = PBXNativeTarget;
			buildConfigurationList = B7DFFF851E7DC3BC0093911F /* Build configuration list for PBXNativeTarget "CoreDataTutorial" */;
			buildPhases = (
				B7DFFF6C1E7DC3BC0093911F /* Sources */,
				B7DFFF6D1E7DC3BC0093911F /* Frameworks */,
				B7DFFF6E1E7DC3BC0093911F /* Resources */,
			);
			buildRules = (
			);
			dependencies = (
			);
			name = CoreDataTutorial;
			productName = CoreDataTutorial;
			productReference = B7DFFF701E7DC3BC0093911F /* CoreDataTutorial.app */;
			productType = "com.apple.product-type.application";
		};
/* End PBXNativeTarget section */

/* Begin PBXProject section */
		B7DFFF681E7DC3BC0093911F /* Project object */ = {
			isa = PBXProject;
			attributes = {
				LastSwiftUpdateCheck = 0820;
				LastUpgradeCheck = 0820;
				ORGANIZATIONNAME = appkoder;
				TargetAttributes = {
					B7DFFF6F1E7DC3BC0093911F = {
						CreatedOnToolsVersion = 8.2;
						DevelopmentTeam = 8LBEEQERQW;
						ProvisioningStyle = Automatic;
					};
				};
			};
			buildConfigurationList = B7DFFF6B1E7DC3BC0093911F /* Build configuration list for PBXProject "CoreDataTutorial" */;
			compatibilityVersion = "Xcode 3.2";
			developmentRegion = English;
			hasScannedForEncodings = 0;
			knownRegions = (
				en,
				Base,
			);
			mainGroup = B7DFFF671E7DC3BC0093911F;
			productRefGroup = B7DFFF711E7DC3BC0093911F /* Products */;
			projectDirPath = "";
			projectRoot = "";
			targets = (
				B7DFFF6F1E7DC3BC0093911F /* CoreDataTutorial */,
			);
		};
/* End PBXProject section */

/* Begin PBXResourcesBuildPhase section */
		B7DFFF6E1E7DC3BC0093911F /* Resources */ = {
			isa = PBXResourcesBuildPhase;
			buildActionMask = 2147483647;
			files = (
				B7DFFF811E7DC3BC0093911F /* LaunchScreen.storyboard in Resources */,
				B7DFFF7E1E7DC3BC0093911F /* Assets.xcassets in Resources */,
				B7DFFF791E7DC3BC0093911F /* Main.storyboard in Resources */,
			);
			runOnlyForDeploymentPostprocessing = 0;
		};
/* End PBXResourcesBuildPhase section */

/* Begin PBXSourcesBuildPhase section */
		B7DFFF6C1E7DC3BC0093911F /* Sources */ = {
			isa = PBXSourcesBuildPhase;
			buildActionMask = 2147483647;
			files = (
				B7DFFF761E7DC3BC0093911F /* ViewController.swift in Sources */,
				B7DFFF741E7DC3BC0093911F /* AppDelegate.swift in Sources */,
				B7DFFF7C1E7DC3BC0093911F /* CoreDataTutorial.xcdatamodeld in Sources */,
			);
			runOnlyForDeploymentPostprocessing = 0;
		};
/* End PBXSourcesBuildPhase section */

/* Begin PBXVariantGroup section */
		B7DFFF771E7DC3BC0093911F /* Main.storyboard */ = {
			isa = PBXVariantGroup;
			children = (
				B7DFFF781E7DC3BC0093911F /* Base */,
			);
			name = Main.storyboard;
			sourceTree = "<group>";
		};
		B7DFFF7F1E7DC3BC0093911F /* LaunchScreen.storyboard */ = {
			isa = PBXVariantGroup;
			children = (
				B7DFFF801E7DC3BC0093911F /* Base */,
			);
			name = LaunchScreen.storyboard;
			sourceTree = "<group>";
		};
/* End PBXVariantGroup section */

/* Begin XCBuildConfiguration section */
		B7DFFF831E7DC3BC0093911F /* Debug */ = {
			isa = XCBuildConfiguration;
			buildSettings = {
				ALWAYS_SEARCH_USER_PATHS = NO;
				CLANG_ANALYZER_NONNULL = YES;
				CLANG_CXX_LANGUAGE_STANDARD = "gnu++0x";
				CLANG_CXX_LIBRARY = "libc++";
				CLANG_ENABLE_MODULES = YES;
				CLANG_ENABLE_OBJC_ARC = YES;
				CLANG_WARN_BOOL_CONVERSION = YES;
				CLANG_WARN_CONSTANT_CONVERSION = YES;
				CLANG_WARN_DIRECT_OBJC_ISA_USAGE = YES_ERROR;
				CLANG_WARN_DOCUMENTATION_COMMENTS = YES;
				CLANG_WARN_EMPTY_BODY = YES;
				CLANG_WARN_ENUM_CONVERSION = YES;
				CLANG_WARN_INFINITE_RECURSION = YES;
				CLANG_WARN_INT_CONVERSION = YES;
				CLANG_WARN_OBJC_ROOT_CLASS = YES_ERROR;
				CLANG_WARN_SUSPICIOUS_MOVE = YES;
				CLANG_WARN_UNREACHABLE_CODE = YES;
				CLANG_WARN__DUPLICATE_METHOD_MATCH = YES;
				"CODE_SIGN_IDENTITY[sdk=iphoneos*]" = "iPhone Developer";
				COPY_PHASE_STRIP = NO;
				DEBUG_INFORMATION_FORMAT = dwarf;
				ENABLE_STRICT_OBJC_MSGSEND = YES;
				ENABLE_TESTABILITY = YES;
				GCC_C_LANGUAGE_STANDARD = gnu99;
				GCC_DYNAMIC_NO_PIC = NO;
				GCC_NO_COMMON_BLOCKS = YES;
				GCC_OPTIMIZATION_LEVEL = 0;
				GCC_PREPROCESSOR_DEFINITIONS = (
					"DEBUG=1",
					"$(inherited)",
				);
				GCC_WARN_64_TO_32_BIT_CONVERSION = YES;
				GCC_WARN_ABOUT_RETURN_TYPE = YES_ERROR;
				GCC_WARN_UNDECLARED_SELECTOR = YES;
				GCC_WARN_UNINITIALIZED_AUTOS = YES_AGGRESSIVE;
				GCC_WARN_UNUSED_FUNCTION = YES;
				GCC_WARN_UNUSED_VARIABLE = YES;
				IPHONEOS_DEPLOYMENT_TARGET = 10.2;
				MTL_ENABLE_DEBUG_INFO = YES;
				ONLY_ACTIVE_ARCH = YES;
				SDKROOT = iphoneos;
				SWIFT_ACTIVE_COMPILATION_CONDITIONS = DEBUG;
				SWIFT_OPTIMIZATION_LEVEL = "-Onone";
			};
			name = Debug;
		};
		B7DFFF841E7DC3BC0093911F /* Release */ = {
			isa = XCBuildConfiguration;
			buildSettings = {
				ALWAYS_SEARCH_USER_PATHS = NO;
				CLANG_ANALYZER_NONNULL = YES;
				CLANG_CXX_LANGUAGE_STANDARD = "gnu++0x";
				CLANG_CXX_LIBRARY = "libc++";
				CLANG_ENABLE_MODULES = YES;
				CLANG_ENABLE_OBJC_ARC = YES;
				CLANG_WARN_BOOL_CONVERSION = YES;
				CLANG_WARN_CONSTANT_CONVERSION = YES;
				CLANG_WARN_DIRECT_OBJC_ISA_USAGE = YES_ERROR;
				CLANG_WARN_DOCUMENTATION_COMMENTS = YES;
				CLANG_WARN_EMPTY_BODY = YES;
				CLANG_WARN_ENUM_CONVERSION = YES;
				CLANG_WARN_INFINITE_RECURSION = YES;
				CLANG_WARN_INT_CONVERSION = YES;
				CLANG_WARN_OBJC_ROOT_CLASS = YES_ERROR;
				CLANG_WARN_SUSPICIOUS_MOVE = YES;
				CLANG_WARN_UNREACHABLE_CODE = YES;
				CLANG_WARN__DUPLICATE_METHOD_MATCH = YES;
				"CODE_SIGN_IDENTITY[sdk=iphoneos*]" = "iPhone Developer";
				COPY_PHASE_STRIP = NO;
				DEBUG_INFORMATION_FORMAT = "dwarf-with-dsym";
				ENABLE_NS_ASSERTIONS = NO;
				ENABLE_STRICT_OBJC_MSGSEND = YES;
				GCC_C_LANGUAGE_STANDARD = gnu99;
				GCC_NO_COMMON_BLOCKS = YES;
				GCC_WARN_64_TO_32_BIT_CONVERSION = YES;
				GCC_WARN_ABOUT_RETURN_TYPE = YES_ERROR;
				GCC_WARN_UNDECLARED_SELECTOR = YES;
				GCC_WARN_UNINITIALIZED_AUTOS = YES_AGGRESSIVE;
				GCC_WARN_UNUSED_FUNCTION = YES;
				GCC_WARN_UNUSED_VARIABLE = YES;
				IPHONEOS_DEPLOYMENT_TARGET = 10.2;
				MTL_ENABLE_DEBUG_INFO = NO;
				SDKROOT = iphoneos;
				SWIFT_OPTIMIZATION_LEVEL = "-Owholemodule";
				VALIDATE_PRODUCT = YES;
			};
			name = Release;
		};
		B7DFFF861E7DC3BC0093911F /* Debug */ = {
			isa = XCBuildConfiguration;
			buildSettings = {
				ASSETCATALOG_COMPILER_APPICON_NAME = AppIcon;
				DEVELOPMENT_TEAM = 8LBEEQERQW;
				INFOPLIST_FILE = CoreDataTutorial/Info.plist;
				LD_RUNPATH_SEARCH_PATHS = "$(inherited) @executable_path/Frameworks";
				PRODUCT_BUNDLE_IDENTIFIER = net.Apptimist.CoreDataTutorial;
				PRODUCT_NAME = "$(TARGET_NAME)";
				SWIFT_VERSION = 3.0;
			};
			name = Debug;
		};
		B7DFFF871E7DC3BC0093911F /* Release */ = {
			isa = XCBuildConfiguration;
			buildSettings = {
				ASSETCATALOG_COMPILER_APPICON_NAME = AppIcon;
				DEVELOPMENT_TEAM = 8LBEEQERQW;
				INFOPLIST_FILE = CoreDataTutorial/Info.plist;
				LD_RUNPATH_SEARCH_PATHS = "$(inherited) @executable_path/Frameworks";
				PRODUCT_BUNDLE_IDENTIFIER = net.Apptimist.CoreDataTutorial;
				PRODUCT_NAME = "$(TARGET_NAME)";
				SWIFT_VERSION = 3.0;
			};
			name = Release;
		};
/* End XCBuildConfiguration section */

/* Begin XCConfigurationList section */
		B7DFFF6B1E7DC3BC0093911F /* Build configuration list for PBXProject "CoreDataTutorial" */ = {
			isa = XCConfigurationList;
			buildConfigurations = (
				B7DFFF831E7DC3BC0093911F /* Debug */,
				B7DFFF841E7DC3BC0093911F /* Release */,
			);
			defaultConfigurationIsVisible = 0;
			defaultConfigurationName = Release;
		};
		B7DFFF851E7DC3BC0093911F /* Build configuration list for PBXNativeTarget "CoreDataTutorial" */ = {
			isa = XCConfigurationList;
			buildConfigurations = (
				B7DFFF861E7DC3BC0093911F /* Debug */,
				B7DFFF871E7DC3BC0093911F /* Release */,
			);
			defaultConfigurationIsVisible = 0;
		};
/* End XCConfigurationList section */

/* Begin XCVersionGroup section */
		B7DFFF7A1E7DC3BC0093911F /* CoreDataTutorial.xcdatamodeld */ = {
			isa = XCVersionGroup;
			children = (
				B7DFFF7B1E7DC3BC0093911F /* CoreDataTutorial.xcdatamodel */,
			);
			currentVersion = B7DFFF7B1E7DC3BC0093911F /* CoreDataTutorial.xcdatamodel */;
			path = CoreDataTutorial.xcdatamodeld;
			sourceTree = "<group>";
			versionGroupType = wrapper.xcdatamodel;
		};
/* End XCVersionGroup section */
	};
	rootObject = B7DFFF681E7DC3BC0093911F /* Project object */;
}
